// !$*UTF8*$!
{
	archiveVersion = 1;
	classes = {
	};
	objectVersion = 46;
	objects = {

/* Begin PBXBuildFile section */
		0F7C4AEE19EC3F52002BE4CC /* NCUApplication.m in Sources */ = {isa = PBXBuildFile; fileRef = 0F7C4AED19EC3F52002BE4CC /* NCUApplication.m */; };
		0F7C4B0719EC7374002BE4CC /* NCULogViewerWindowController.m in Sources */ = {isa = PBXBuildFile; fileRef = 0F7C4B0519EC7374002BE4CC /* NCULogViewerWindowController.m */; };
		0F7C4B0819EC7374002BE4CC /* NCULogViewerWindowController.xib in Resources */ = {isa = PBXBuildFile; fileRef = 0F7C4B0619EC7374002BE4CC /* NCULogViewerWindowController.xib */; };
		0F9A3E36198146410028BA78 /* NCUMainViewController.m in Sources */ = {isa = PBXBuildFile; fileRef = 0F9A3E35198146410028BA78 /* NCUMainViewController.m */; };
		0F9A3E38198147370028BA78 /* NCUMainView.xib in Resources */ = {isa = PBXBuildFile; fileRef = 0F9A3E37198147370028BA78 /* NCUMainView.xib */; };
		0F9A3E3E19817B120028BA78 /* NCUOnlyIntegerValueFormatter.m in Sources */ = {isa = PBXBuildFile; fileRef = 0F9A3E3D19817B120028BA78 /* NCUOnlyIntegerValueFormatter.m */; };
		0F9A3E4A1986B2830028BA78 /* NCUIPService.m in Sources */ = {isa = PBXBuildFile; fileRef = 0F9A3E491986B2830028BA78 /* NCUIPService.m */; };
		0F9A3E4D1986FF4D0028BA78 /* NCUNamecheapDomain.m in Sources */ = {isa = PBXBuildFile; fileRef = 0F9A3E4C1986FF4D0028BA78 /* NCUNamecheapDomain.m */; };
		0F9A3E4F19880EE70028BA78 /* Credits.html in Resources */ = {isa = PBXBuildFile; fileRef = 0F9A3E4E19880EE70028BA78 /* Credits.html */; };
		0FAAB767197ECA2600A07A44 /* Cocoa.framework in Frameworks */ = {isa = PBXBuildFile; fileRef = 0FAAB766197ECA2600A07A44 /* Cocoa.framework */; };
		0FAAB771197ECA2600A07A44 /* InfoPlist.strings in Resources */ = {isa = PBXBuildFile; fileRef = 0FAAB76F197ECA2600A07A44 /* InfoPlist.strings */; };
		0FAAB773197ECA2600A07A44 /* main.m in Sources */ = {isa = PBXBuildFile; fileRef = 0FAAB772197ECA2600A07A44 /* main.m */; };
		0FAAB77A197ECA2600A07A44 /* NCUAppDelegate.m in Sources */ = {isa = PBXBuildFile; fileRef = 0FAAB779197ECA2600A07A44 /* NCUAppDelegate.m */; };
		0FAAB77D197ECA2600A07A44 /* MainMenu.xib in Resources */ = {isa = PBXBuildFile; fileRef = 0FAAB77B197ECA2600A07A44 /* MainMenu.xib */; };
		0FAAB780197ECA2600A07A44 /* NC_DNS_Updater.xcdatamodeld in Sources */ = {isa = PBXBuildFile; fileRef = 0FAAB77E197ECA2600A07A44 /* NC_DNS_Updater.xcdatamodeld */; };
		0FAAB782197ECA2600A07A44 /* Images.xcassets in Resources */ = {isa = PBXBuildFile; fileRef = 0FAAB781197ECA2600A07A44 /* Images.xcassets */; };
		0FAAB789197ECA2600A07A44 /* XCTest.framework in Frameworks */ = {isa = PBXBuildFile; fileRef = 0FAAB788197ECA2600A07A44 /* XCTest.framework */; };
		0FAAB78A197ECA2600A07A44 /* Cocoa.framework in Frameworks */ = {isa = PBXBuildFile; fileRef = 0FAAB766197ECA2600A07A44 /* Cocoa.framework */; };
		0FAAB792197ECA2600A07A44 /* InfoPlist.strings in Resources */ = {isa = PBXBuildFile; fileRef = 0FAAB790197ECA2600A07A44 /* InfoPlist.strings */; };
		0FAAB794197ECA2600A07A44 /* NC_DNS_UpdaterTests.m in Sources */ = {isa = PBXBuildFile; fileRef = 0FAAB793197ECA2600A07A44 /* NC_DNS_UpdaterTests.m */; };
		0FAAB7A4197F150100A07A44 /* NCUMainTableCellView.m in Sources */ = {isa = PBXBuildFile; fileRef = 0FAAB7A3197F150100A07A44 /* NCUMainTableCellView.m */; };
		0FAE69AE19ED72C4007B3222 /* NCUVersionService.m in Sources */ = {isa = PBXBuildFile; fileRef = 0FAE69AD19ED72C4007B3222 /* NCUVersionService.m */; };
		0FAE69B119ED734C007B3222 /* NCUVersion.m in Sources */ = {isa = PBXBuildFile; fileRef = 0FAE69B019ED734C007B3222 /* NCUVersion.m */; };
		74ABF17B2BDE469B82E623F0 /* libPods-NC DNS Updater.a in Frameworks */ = {isa = PBXBuildFile; fileRef = 171452A43C9F4D53B8DAB49B /* libPods-NC DNS Updater.a */; };
/* End PBXBuildFile section */

/* Begin PBXContainerItemProxy section */
		0FAAB78B197ECA2600A07A44 /* PBXContainerItemProxy */ = {
			isa = PBXContainerItemProxy;
			containerPortal = 0FAAB75B197ECA2600A07A44 /* Project object */;
			proxyType = 1;
			remoteGlobalIDString = 0FAAB762197ECA2600A07A44;
			remoteInfo = "NC DNS Updater";
		};
/* End PBXContainerItemProxy section */

/* Begin PBXFileReference section */
		0F2A51901A5B1FAD00D0A687 /* Roadmap.rtf */ = {isa = PBXFileReference; lastKnownFileType = text.rtf; path = Roadmap.rtf; sourceTree = "<group>"; };
		0F7C4AEC19EC3F52002BE4CC /* NCUApplication.h */ = {isa = PBXFileReference; fileEncoding = 4; lastKnownFileType = sourcecode.c.h; path = NCUApplication.h; sourceTree = "<group>"; };
		0F7C4AED19EC3F52002BE4CC /* NCUApplication.m */ = {isa = PBXFileReference; fileEncoding = 4; lastKnownFileType = sourcecode.c.objc; path = NCUApplication.m; sourceTree = "<group>"; };
		0F7C4B0419EC7374002BE4CC /* NCULogViewerWindowController.h */ = {isa = PBXFileReference; fileEncoding = 4; lastKnownFileType = sourcecode.c.h; path = NCULogViewerWindowController.h; sourceTree = "<group>"; };
		0F7C4B0519EC7374002BE4CC /* NCULogViewerWindowController.m */ = {isa = PBXFileReference; fileEncoding = 4; lastKnownFileType = sourcecode.c.objc; path = NCULogViewerWindowController.m; sourceTree = "<group>"; };
		0F7C4B0619EC7374002BE4CC /* NCULogViewerWindowController.xib */ = {isa = PBXFileReference; fileEncoding = 4; lastKnownFileType = file.xib; path = NCULogViewerWindowController.xib; sourceTree = "<group>"; };
		0F9A3E34198146410028BA78 /* NCUMainViewController.h */ = {isa = PBXFileReference; fileEncoding = 4; lastKnownFileType = sourcecode.c.h; path = NCUMainViewController.h; sourceTree = "<group>"; };
		0F9A3E35198146410028BA78 /* NCUMainViewController.m */ = {isa = PBXFileReference; fileEncoding = 4; lastKnownFileType = sourcecode.c.objc; path = NCUMainViewController.m; sourceTree = "<group>"; };
		0F9A3E37198147370028BA78 /* NCUMainView.xib */ = {isa = PBXFileReference; fileEncoding = 4; lastKnownFileType = file.xib; path = NCUMainView.xib; sourceTree = "<group>"; };
		0F9A3E3C19817B120028BA78 /* NCUOnlyIntegerValueFormatter.h */ = {isa = PBXFileReference; fileEncoding = 4; lastKnownFileType = sourcecode.c.h; path = NCUOnlyIntegerValueFormatter.h; sourceTree = "<group>"; };
		0F9A3E3D19817B120028BA78 /* NCUOnlyIntegerValueFormatter.m */ = {isa = PBXFileReference; fileEncoding = 4; lastKnownFileType = sourcecode.c.objc; path = NCUOnlyIntegerValueFormatter.m; sourceTree = "<group>"; };
		0F9A3E481986B2830028BA78 /* NCUIPService.h */ = {isa = PBXFileReference; fileEncoding = 4; lastKnownFileType = sourcecode.c.h; path = NCUIPService.h; sourceTree = "<group>"; };
		0F9A3E491986B2830028BA78 /* NCUIPService.m */ = {isa = PBXFileReference; fileEncoding = 4; lastKnownFileType = sourcecode.c.objc; path = NCUIPService.m; sourceTree = "<group>"; };
		0F9A3E4B1986FF4D0028BA78 /* NCUNamecheapDomain.h */ = {isa = PBXFileReference; fileEncoding = 4; lastKnownFileType = sourcecode.c.h; path = NCUNamecheapDomain.h; sourceTree = "<group>"; };
		0F9A3E4C1986FF4D0028BA78 /* NCUNamecheapDomain.m */ = {isa = PBXFileReference; fileEncoding = 4; lastKnownFileType = sourcecode.c.objc; path = NCUNamecheapDomain.m; sourceTree = "<group>"; };
		0F9A3E4E19880EE70028BA78 /* Credits.html */ = {isa = PBXFileReference; fileEncoding = 4; lastKnownFileType = text.html; path = Credits.html; sourceTree = "<group>"; };
		0FAAB763197ECA2600A07A44 /* NC DNS Updater.app */ = {isa = PBXFileReference; explicitFileType = wrapper.application; includeInIndex = 0; path = "NC DNS Updater.app"; sourceTree = BUILT_PRODUCTS_DIR; };
		0FAAB766197ECA2600A07A44 /* Cocoa.framework */ = {isa = PBXFileReference; lastKnownFileType = wrapper.framework; name = Cocoa.framework; path = System/Library/Frameworks/Cocoa.framework; sourceTree = SDKROOT; };
		0FAAB769197ECA2600A07A44 /* AppKit.framework */ = {isa = PBXFileReference; lastKnownFileType = wrapper.framework; name = AppKit.framework; path = System/Library/Frameworks/AppKit.framework; sourceTree = SDKROOT; };
		0FAAB76A197ECA2600A07A44 /* CoreData.framework */ = {isa = PBXFileReference; lastKnownFileType = wrapper.framework; name = CoreData.framework; path = System/Library/Frameworks/CoreData.framework; sourceTree = SDKROOT; };
		0FAAB76B197ECA2600A07A44 /* Foundation.framework */ = {isa = PBXFileReference; lastKnownFileType = wrapper.framework; name = Foundation.framework; path = System/Library/Frameworks/Foundation.framework; sourceTree = SDKROOT; };
		0FAAB76E197ECA2600A07A44 /* NC DNS Updater-Info.plist */ = {isa = PBXFileReference; lastKnownFileType = text.plist.xml; path = "NC DNS Updater-Info.plist"; sourceTree = "<group>"; };
		0FAAB770197ECA2600A07A44 /* en */ = {isa = PBXFileReference; lastKnownFileType = text.plist.strings; name = en; path = en.lproj/InfoPlist.strings; sourceTree = "<group>"; };
		0FAAB772197ECA2600A07A44 /* main.m */ = {isa = PBXFileReference; lastKnownFileType = sourcecode.c.objc; path = main.m; sourceTree = "<group>"; };
		0FAAB774197ECA2600A07A44 /* NC DNS Updater-Prefix.pch */ = {isa = PBXFileReference; lastKnownFileType = sourcecode.c.h; path = "NC DNS Updater-Prefix.pch"; sourceTree = "<group>"; };
		0FAAB778197ECA2600A07A44 /* NCUAppDelegate.h */ = {isa = PBXFileReference; lastKnownFileType = sourcecode.c.h; path = NCUAppDelegate.h; sourceTree = "<group>"; };
		0FAAB779197ECA2600A07A44 /* NCUAppDelegate.m */ = {isa = PBXFileReference; lastKnownFileType = sourcecode.c.objc; path = NCUAppDelegate.m; sourceTree = "<group>"; };
		0FAAB77C197ECA2600A07A44 /* Base */ = {isa = PBXFileReference; lastKnownFileType = file.xib; name = Base; path = Base.lproj/MainMenu.xib; sourceTree = "<group>"; };
		0FAAB77F197ECA2600A07A44 /* NC_DNS_Updater.xcdatamodel */ = {isa = PBXFileReference; lastKnownFileType = wrapper.xcdatamodel; path = NC_DNS_Updater.xcdatamodel; sourceTree = "<group>"; };
		0FAAB781197ECA2600A07A44 /* Images.xcassets */ = {isa = PBXFileReference; lastKnownFileType = folder.assetcatalog; path = Images.xcassets; sourceTree = "<group>"; };
		0FAAB787197ECA2600A07A44 /* NC DNS UpdaterTests.xctest */ = {isa = PBXFileReference; explicitFileType = wrapper.cfbundle; includeInIndex = 0; path = "NC DNS UpdaterTests.xctest"; sourceTree = BUILT_PRODUCTS_DIR; };
		0FAAB788197ECA2600A07A44 /* XCTest.framework */ = {isa = PBXFileReference; lastKnownFileType = wrapper.framework; name = XCTest.framework; path = Library/Frameworks/XCTest.framework; sourceTree = DEVELOPER_DIR; };
		0FAAB78F197ECA2600A07A44 /* NC DNS UpdaterTests-Info.plist */ = {isa = PBXFileReference; lastKnownFileType = text.plist.xml; path = "NC DNS UpdaterTests-Info.plist"; sourceTree = "<group>"; };
		0FAAB791197ECA2600A07A44 /* en */ = {isa = PBXFileReference; lastKnownFileType = text.plist.strings; name = en; path = en.lproj/InfoPlist.strings; sourceTree = "<group>"; };
		0FAAB793197ECA2600A07A44 /* NC_DNS_UpdaterTests.m */ = {isa = PBXFileReference; lastKnownFileType = sourcecode.c.objc; path = NC_DNS_UpdaterTests.m; sourceTree = "<group>"; };
		0FAAB7A2197F150100A07A44 /* NCUMainTableCellView.h */ = {isa = PBXFileReference; fileEncoding = 4; lastKnownFileType = sourcecode.c.h; path = NCUMainTableCellView.h; sourceTree = "<group>"; };
		0FAAB7A3197F150100A07A44 /* NCUMainTableCellView.m */ = {isa = PBXFileReference; fileEncoding = 4; lastKnownFileType = sourcecode.c.objc; path = NCUMainTableCellView.m; sourceTree = "<group>"; };
		0FAE69AC19ED72C4007B3222 /* NCUVersionService.h */ = {isa = PBXFileReference; fileEncoding = 4; lastKnownFileType = sourcecode.c.h; path = NCUVersionService.h; sourceTree = "<group>"; };
		0FAE69AD19ED72C4007B3222 /* NCUVersionService.m */ = {isa = PBXFileReference; fileEncoding = 4; lastKnownFileType = sourcecode.c.objc; path = NCUVersionService.m; sourceTree = "<group>"; };
		0FAE69AF19ED734C007B3222 /* NCUVersion.h */ = {isa = PBXFileReference; fileEncoding = 4; lastKnownFileType = sourcecode.c.h; path = NCUVersion.h; sourceTree = "<group>"; };
		0FAE69B019ED734C007B3222 /* NCUVersion.m */ = {isa = PBXFileReference; fileEncoding = 4; lastKnownFileType = sourcecode.c.objc; path = NCUVersion.m; sourceTree = "<group>"; };
		0FBB4A1F1A3B519800F09DFE /* NC_DNS_Updater_1.5.xcdatamodel */ = {isa = PBXFileReference; lastKnownFileType = wrapper.xcdatamodel; path = NC_DNS_Updater_1.5.xcdatamodel; sourceTree = "<group>"; };
		171452A43C9F4D53B8DAB49B /* libPods-NC DNS Updater.a */ = {isa = PBXFileReference; explicitFileType = archive.ar; includeInIndex = 0; path = "libPods-NC DNS Updater.a"; sourceTree = BUILT_PRODUCTS_DIR; };
		2A596291036BF0956ADBDFBC /* Pods-NC DNS Updater.release.xcconfig */ = {isa = PBXFileReference; includeInIndex = 1; lastKnownFileType = text.xcconfig; name = "Pods-NC DNS Updater.release.xcconfig"; path = "Pods/Target Support Files/Pods-NC DNS Updater/Pods-NC DNS Updater.release.xcconfig"; sourceTree = "<group>"; };
		CCD946025981B626F1F01357 /* Pods-NC DNS Updater.debug.xcconfig */ = {isa = PBXFileReference; includeInIndex = 1; lastKnownFileType = text.xcconfig; name = "Pods-NC DNS Updater.debug.xcconfig"; path = "Pods/Target Support Files/Pods-NC DNS Updater/Pods-NC DNS Updater.debug.xcconfig"; sourceTree = "<group>"; };
/* End PBXFileReference section */

/* Begin PBXFrameworksBuildPhase section */
		0FAAB760197ECA2600A07A44 /* Frameworks */ = {
			isa = PBXFrameworksBuildPhase;
			buildActionMask = 2147483647;
			files = (
				0FAAB767197ECA2600A07A44 /* Cocoa.framework in Frameworks */,
				74ABF17B2BDE469B82E623F0 /* libPods-NC DNS Updater.a in Frameworks */,
			);
			runOnlyForDeploymentPostprocessing = 0;
		};
		0FAAB784197ECA2600A07A44 /* Frameworks */ = {
			isa = PBXFrameworksBuildPhase;
			buildActionMask = 2147483647;
			files = (
				0FAAB78A197ECA2600A07A44 /* Cocoa.framework in Frameworks */,
				0FAAB789197ECA2600A07A44 /* XCTest.framework in Frameworks */,
			);
			runOnlyForDeploymentPostprocessing = 0;
		};
/* End PBXFrameworksBuildPhase section */

/* Begin PBXGroup section */
		0FAAB75A197ECA2600A07A44 = {
			isa = PBXGroup;
			children = (
				0FAAB76C197ECA2600A07A44 /* NC DNS Updater */,
				0FAAB78D197ECA2600A07A44 /* NC DNS UpdaterTests */,
				0FAAB765197ECA2600A07A44 /* Frameworks */,
				0FAAB764197ECA2600A07A44 /* Products */,
				2D152CA8EBA355F429D75A2B /* Pods */,
			);
			sourceTree = "<group>";
		};
		0FAAB764197ECA2600A07A44 /* Products */ = {
			isa = PBXGroup;
			children = (
				0FAAB763197ECA2600A07A44 /* NC DNS Updater.app */,
				0FAAB787197ECA2600A07A44 /* NC DNS UpdaterTests.xctest */,
			);
			name = Products;
			sourceTree = "<group>";
		};
		0FAAB765197ECA2600A07A44 /* Frameworks */ = {
			isa = PBXGroup;
			children = (
				0FAAB766197ECA2600A07A44 /* Cocoa.framework */,
				0FAAB788197ECA2600A07A44 /* XCTest.framework */,
				0FAAB768197ECA2600A07A44 /* Other Frameworks */,
				171452A43C9F4D53B8DAB49B /* libPods-NC DNS Updater.a */,
			);
			name = Frameworks;
			sourceTree = "<group>";
		};
		0FAAB768197ECA2600A07A44 /* Other Frameworks */ = {
			isa = PBXGroup;
			children = (
				0FAAB769197ECA2600A07A44 /* AppKit.framework */,
				0FAAB76A197ECA2600A07A44 /* CoreData.framework */,
				0FAAB76B197ECA2600A07A44 /* Foundation.framework */,
			);
			name = "Other Frameworks";
			sourceTree = "<group>";
		};
		0FAAB76C197ECA2600A07A44 /* NC DNS Updater */ = {
			isa = PBXGroup;
			children = (
				0FAAB778197ECA2600A07A44 /* NCUAppDelegate.h */,
				0FAAB779197ECA2600A07A44 /* NCUAppDelegate.m */,
				0FAAB77B197ECA2600A07A44 /* MainMenu.xib */,
				0FAAB781197ECA2600A07A44 /* Images.xcassets */,
				0FAAB77E197ECA2600A07A44 /* NC_DNS_Updater.xcdatamodeld */,
				0F9A3E4B1986FF4D0028BA78 /* NCUNamecheapDomain.h */,
				0F9A3E4C1986FF4D0028BA78 /* NCUNamecheapDomain.m */,
				0FAAB76D197ECA2600A07A44 /* Supporting Files */,
				0FAAB7A2197F150100A07A44 /* NCUMainTableCellView.h */,
				0FAAB7A3197F150100A07A44 /* NCUMainTableCellView.m */,
				0F9A3E34198146410028BA78 /* NCUMainViewController.h */,
				0F9A3E35198146410028BA78 /* NCUMainViewController.m */,
				0F9A3E37198147370028BA78 /* NCUMainView.xib */,
				0F9A3E3C19817B120028BA78 /* NCUOnlyIntegerValueFormatter.h */,
				0F9A3E3D19817B120028BA78 /* NCUOnlyIntegerValueFormatter.m */,
				0F9A3E481986B2830028BA78 /* NCUIPService.h */,
				0F9A3E491986B2830028BA78 /* NCUIPService.m */,
				0F7C4AEC19EC3F52002BE4CC /* NCUApplication.h */,
				0F7C4AED19EC3F52002BE4CC /* NCUApplication.m */,
				0F7C4B0419EC7374002BE4CC /* NCULogViewerWindowController.h */,
				0F7C4B0519EC7374002BE4CC /* NCULogViewerWindowController.m */,
				0F7C4B0619EC7374002BE4CC /* NCULogViewerWindowController.xib */,
				0FAE69AC19ED72C4007B3222 /* NCUVersionService.h */,
				0FAE69AD19ED72C4007B3222 /* NCUVersionService.m */,
				0FAE69AF19ED734C007B3222 /* NCUVersion.h */,
				0FAE69B019ED734C007B3222 /* NCUVersion.m */,
				0F2A51901A5B1FAD00D0A687 /* Roadmap.rtf */,
			);
			path = "NC DNS Updater";
			sourceTree = "<group>";
		};
		0FAAB76D197ECA2600A07A44 /* Supporting Files */ = {
			isa = PBXGroup;
			children = (
				0FAAB76E197ECA2600A07A44 /* NC DNS Updater-Info.plist */,
				0FAAB76F197ECA2600A07A44 /* InfoPlist.strings */,
				0FAAB772197ECA2600A07A44 /* main.m */,
				0FAAB774197ECA2600A07A44 /* NC DNS Updater-Prefix.pch */,
				0F9A3E4E19880EE70028BA78 /* Credits.html */,
			);
			name = "Supporting Files";
			sourceTree = "<group>";
		};
		0FAAB78D197ECA2600A07A44 /* NC DNS UpdaterTests */ = {
			isa = PBXGroup;
			children = (
				0FAAB793197ECA2600A07A44 /* NC_DNS_UpdaterTests.m */,
				0FAAB78E197ECA2600A07A44 /* Supporting Files */,
			);
			path = "NC DNS UpdaterTests";
			sourceTree = "<group>";
		};
		0FAAB78E197ECA2600A07A44 /* Supporting Files */ = {
			isa = PBXGroup;
			children = (
				0FAAB78F197ECA2600A07A44 /* NC DNS UpdaterTests-Info.plist */,
				0FAAB790197ECA2600A07A44 /* InfoPlist.strings */,
			);
			name = "Supporting Files";
			sourceTree = "<group>";
		};
		2D152CA8EBA355F429D75A2B /* Pods */ = {
			isa = PBXGroup;
			children = (
				CCD946025981B626F1F01357 /* Pods-NC DNS Updater.debug.xcconfig */,
				2A596291036BF0956ADBDFBC /* Pods-NC DNS Updater.release.xcconfig */,
			);
			name = Pods;
			sourceTree = "<group>";
		};
/* End PBXGroup section */

/* Begin PBXNativeTarget section */
		0FAAB762197ECA2600A07A44 /* NC DNS Updater */ = {
			isa = PBXNativeTarget;
			buildConfigurationList = 0FAAB797197ECA2600A07A44 /* Build configuration list for PBXNativeTarget "NC DNS Updater" */;
			buildPhases = (
				E48C67939FB241CE854506A4 /* Check Pods Manifest.lock */,
				0FAAB75F197ECA2600A07A44 /* Sources */,
				0FAAB760197ECA2600A07A44 /* Frameworks */,
				0FAAB761197ECA2600A07A44 /* Resources */,
				10650724AC174DDB8BF364A8 /* Copy Pods Resources */,
			);
			buildRules = (
			);
			dependencies = (
			);
			name = "NC DNS Updater";
			productName = "NC DNS Updater";
			productReference = 0FAAB763197ECA2600A07A44 /* NC DNS Updater.app */;
			productType = "com.apple.product-type.application";
		};
		0FAAB786197ECA2600A07A44 /* NC DNS UpdaterTests */ = {
			isa = PBXNativeTarget;
			buildConfigurationList = 0FAAB79A197ECA2600A07A44 /* Build configuration list for PBXNativeTarget "NC DNS UpdaterTests" */;
			buildPhases = (
				0FAAB783197ECA2600A07A44 /* Sources */,
				0FAAB784197ECA2600A07A44 /* Frameworks */,
				0FAAB785197ECA2600A07A44 /* Resources */,
			);
			buildRules = (
			);
			dependencies = (
				0FAAB78C197ECA2600A07A44 /* PBXTargetDependency */,
			);
			name = "NC DNS UpdaterTests";
			productName = "NC DNS UpdaterTests";
			productReference = 0FAAB787197ECA2600A07A44 /* NC DNS UpdaterTests.xctest */;
			productType = "com.apple.product-type.bundle.unit-test";
		};
/* End PBXNativeTarget section */

/* Begin PBXProject section */
		0FAAB75B197ECA2600A07A44 /* Project object */ = {
			isa = PBXProject;
			attributes = {
				CLASSPREFIX = NCU;
				LastUpgradeCheck = 0510;
				ORGANIZATIONNAME = SPENCER;
				TargetAttributes = {
					0FAAB786197ECA2600A07A44 = {
						TestTargetID = 0FAAB762197ECA2600A07A44;
					};
				};
			};
			buildConfigurationList = 0FAAB75E197ECA2600A07A44 /* Build configuration list for PBXProject "NC DNS Updater" */;
			compatibilityVersion = "Xcode 3.2";
			developmentRegion = English;
			hasScannedForEncodings = 0;
			knownRegions = (
				en,
				Base,
			);
			mainGroup = 0FAAB75A197ECA2600A07A44;
			productRefGroup = 0FAAB764197ECA2600A07A44 /* Products */;
			projectDirPath = "";
			projectRoot = "";
			targets = (
				0FAAB762197ECA2600A07A44 /* NC DNS Updater */,
				0FAAB786197ECA2600A07A44 /* NC DNS UpdaterTests */,
			);
		};
/* End PBXProject section */

/* Begin PBXResourcesBuildPhase section */
		0FAAB761197ECA2600A07A44 /* Resources */ = {
			isa = PBXResourcesBuildPhase;
			buildActionMask = 2147483647;
			files = (
				0FAAB771197ECA2600A07A44 /* InfoPlist.strings in Resources */,
				0F9A3E38198147370028BA78 /* NCUMainView.xib in Resources */,
				0F7C4B0819EC7374002BE4CC /* NCULogViewerWindowController.xib in Resources */,
				0FAAB782197ECA2600A07A44 /* Images.xcassets in Resources */,
				0FAAB77D197ECA2600A07A44 /* MainMenu.xib in Resources */,
				0F9A3E4F19880EE70028BA78 /* Credits.html in Resources */,
			);
			runOnlyForDeploymentPostprocessing = 0;
		};
		0FAAB785197ECA2600A07A44 /* Resources */ = {
			isa = PBXResourcesBuildPhase;
			buildActionMask = 2147483647;
			files = (
				0FAAB792197ECA2600A07A44 /* InfoPlist.strings in Resources */,
			);
			runOnlyForDeploymentPostprocessing = 0;
		};
/* End PBXResourcesBuildPhase section */

/* Begin PBXShellScriptBuildPhase section */
		10650724AC174DDB8BF364A8 /* Copy Pods Resources */ = {
			isa = PBXShellScriptBuildPhase;
			buildActionMask = 2147483647;
			files = (
			);
			inputPaths = (
			);
			name = "Copy Pods Resources";
			outputPaths = (
			);
			runOnlyForDeploymentPostprocessing = 0;
			shellPath = /bin/sh;
			shellScript = "\"${SRCROOT}/Pods/Target Support Files/Pods-NC DNS Updater/Pods-NC DNS Updater-resources.sh\"\n";
			showEnvVarsInLog = 0;
		};
		E48C67939FB241CE854506A4 /* Check Pods Manifest.lock */ = {
			isa = PBXShellScriptBuildPhase;
			buildActionMask = 2147483647;
			files = (
			);
			inputPaths = (
			);
			name = "Check Pods Manifest.lock";
			outputPaths = (
			);
			runOnlyForDeploymentPostprocessing = 0;
			shellPath = /bin/sh;
			shellScript = "diff \"${PODS_ROOT}/../Podfile.lock\" \"${PODS_ROOT}/Manifest.lock\" > /dev/null\nif [[ $? != 0 ]] ; then\n    cat << EOM\nerror: The sandbox is not in sync with the Podfile.lock. Run 'pod install' or update your CocoaPods installation.\nEOM\n    exit 1\nfi\n";
			showEnvVarsInLog = 0;
		};
/* End PBXShellScriptBuildPhase section */

/* Begin PBXSourcesBuildPhase section */
		0FAAB75F197ECA2600A07A44 /* Sources */ = {
			isa = PBXSourcesBuildPhase;
			buildActionMask = 2147483647;
			files = (
				0FAAB773197ECA2600A07A44 /* main.m in Sources */,
				0F7C4B0719EC7374002BE4CC /* NCULogViewerWindowController.m in Sources */,
				0FAE69AE19ED72C4007B3222 /* NCUVersionService.m in Sources */,
				0F9A3E4A1986B2830028BA78 /* NCUIPService.m in Sources */,
				0FAAB77A197ECA2600A07A44 /* NCUAppDelegate.m in Sources */,
				0F9A3E36198146410028BA78 /* NCUMainViewController.m in Sources */,
				0F7C4AEE19EC3F52002BE4CC /* NCUApplication.m in Sources */,
				0FAE69B119ED734C007B3222 /* NCUVersion.m in Sources */,
				0F9A3E3E19817B120028BA78 /* NCUOnlyIntegerValueFormatter.m in Sources */,
				0FAAB780197ECA2600A07A44 /* NC_DNS_Updater.xcdatamodeld in Sources */,
				0FAAB7A4197F150100A07A44 /* NCUMainTableCellView.m in Sources */,
				0F9A3E4D1986FF4D0028BA78 /* NCUNamecheapDomain.m in Sources */,
			);
			runOnlyForDeploymentPostprocessing = 0;
		};
		0FAAB783197ECA2600A07A44 /* Sources */ = {
			isa = PBXSourcesBuildPhase;
			buildActionMask = 2147483647;
			files = (
				0FAAB794197ECA2600A07A44 /* NC_DNS_UpdaterTests.m in Sources */,
			);
			runOnlyForDeploymentPostprocessing = 0;
		};
/* End PBXSourcesBuildPhase section */

/* Begin PBXTargetDependency section */
		0FAAB78C197ECA2600A07A44 /* PBXTargetDependency */ = {
			isa = PBXTargetDependency;
			target = 0FAAB762197ECA2600A07A44 /* NC DNS Updater */;
			targetProxy = 0FAAB78B197ECA2600A07A44 /* PBXContainerItemProxy */;
		};
/* End PBXTargetDependency section */

/* Begin PBXVariantGroup section */
		0FAAB76F197ECA2600A07A44 /* InfoPlist.strings */ = {
			isa = PBXVariantGroup;
			children = (
				0FAAB770197ECA2600A07A44 /* en */,
			);
			name = InfoPlist.strings;
			sourceTree = "<group>";
		};
		0FAAB77B197ECA2600A07A44 /* MainMenu.xib */ = {
			isa = PBXVariantGroup;
			children = (
				0FAAB77C197ECA2600A07A44 /* Base */,
			);
			name = MainMenu.xib;
			sourceTree = "<group>";
		};
		0FAAB790197ECA2600A07A44 /* InfoPlist.strings */ = {
			isa = PBXVariantGroup;
			children = (
				0FAAB791197ECA2600A07A44 /* en */,
			);
			name = InfoPlist.strings;
			sourceTree = "<group>";
		};
/* End PBXVariantGroup section */

/* Begin XCBuildConfiguration section */
		0FAAB795197ECA2600A07A44 /* Debug */ = {
			isa = XCBuildConfiguration;
			buildSettings = {
				ALWAYS_SEARCH_USER_PATHS = NO;
				CLANG_CXX_LANGUAGE_STANDARD = "gnu++0x";
				CLANG_CXX_LIBRARY = "libc++";
				CLANG_ENABLE_MODULES = YES;
				CLANG_ENABLE_OBJC_ARC = YES;
				CLANG_WARN_BOOL_CONVERSION = YES;
				CLANG_WARN_CONSTANT_CONVERSION = YES;
				CLANG_WARN_DIRECT_OBJC_ISA_USAGE = YES_ERROR;
				CLANG_WARN_EMPTY_BODY = YES;
				CLANG_WARN_ENUM_CONVERSION = YES;
				CLANG_WARN_INT_CONVERSION = YES;
				CLANG_WARN_OBJC_ROOT_CLASS = YES_ERROR;
				CLANG_WARN__DUPLICATE_METHOD_MATCH = YES;
				COPY_PHASE_STRIP = NO;
				GCC_C_LANGUAGE_STANDARD = gnu99;
				GCC_DYNAMIC_NO_PIC = NO;
				GCC_ENABLE_OBJC_EXCEPTIONS = YES;
				GCC_OPTIMIZATION_LEVEL = 0;
				GCC_PREPROCESSOR_DEFINITIONS = (
					"DEBUG=1",
					"$(inherited)",
				);
				GCC_SYMBOLS_PRIVATE_EXTERN = NO;
				GCC_WARN_64_TO_32_BIT_CONVERSION = YES;
				GCC_WARN_ABOUT_RETURN_TYPE = YES_ERROR;
				GCC_WARN_UNDECLARED_SELECTOR = YES;
				GCC_WARN_UNINITIALIZED_AUTOS = YES_AGGRESSIVE;
				GCC_WARN_UNUSED_FUNCTION = YES;
				GCC_WARN_UNUSED_VARIABLE = YES;
				MACOSX_DEPLOYMENT_TARGET = 10.8;
				ONLY_ACTIVE_ARCH = YES;
				SDKROOT = macosx10.8;
			};
			name = Debug;
		};
		0FAAB796197ECA2600A07A44 /* Release */ = {
			isa = XCBuildConfiguration;
			buildSettings = {
				ALWAYS_SEARCH_USER_PATHS = NO;
				CLANG_CXX_LANGUAGE_STANDARD = "gnu++0x";
				CLANG_CXX_LIBRARY = "libc++";
				CLANG_ENABLE_MODULES = YES;
				CLANG_ENABLE_OBJC_ARC = YES;
				CLANG_WARN_BOOL_CONVERSION = YES;
				CLANG_WARN_CONSTANT_CONVERSION = YES;
				CLANG_WARN_DIRECT_OBJC_ISA_USAGE = YES_ERROR;
				CLANG_WARN_EMPTY_BODY = YES;
				CLANG_WARN_ENUM_CONVERSION = YES;
				CLANG_WARN_INT_CONVERSION = YES;
				CLANG_WARN_OBJC_ROOT_CLASS = YES_ERROR;
				CLANG_WARN__DUPLICATE_METHOD_MATCH = YES;
				COPY_PHASE_STRIP = YES;
				DEBUG_INFORMATION_FORMAT = "dwarf-with-dsym";
				ENABLE_NS_ASSERTIONS = NO;
				GCC_C_LANGUAGE_STANDARD = gnu99;
				GCC_ENABLE_OBJC_EXCEPTIONS = YES;
				GCC_WARN_64_TO_32_BIT_CONVERSION = YES;
				GCC_WARN_ABOUT_RETURN_TYPE = YES_ERROR;
				GCC_WARN_UNDECLARED_SELECTOR = YES;
				GCC_WARN_UNINITIALIZED_AUTOS = YES_AGGRESSIVE;
				GCC_WARN_UNUSED_FUNCTION = YES;
				GCC_WARN_UNUSED_VARIABLE = YES;
				MACOSX_DEPLOYMENT_TARGET = 10.8;
				SDKROOT = macosx10.8;
			};
			name = Release;
		};
		0FAAB798197ECA2600A07A44 /* Debug */ = {
			isa = XCBuildConfiguration;
			baseConfigurationReference = CCD946025981B626F1F01357 /* Pods-NC DNS Updater.debug.xcconfig */;
			buildSettings = {
				ASSETCATALOG_COMPILER_APPICON_NAME = AppIcon;
				COMBINE_HIDPI_IMAGES = YES;
				GCC_PRECOMPILE_PREFIX_HEADER = YES;
				GCC_PREFIX_HEADER = "NC DNS Updater/NC DNS Updater-Prefix.pch";
				INFOPLIST_FILE = "NC DNS Updater/NC DNS Updater-Info.plist";
				PRODUCT_NAME = "$(TARGET_NAME)";
				WRAPPER_EXTENSION = app;
			};
			name = Debug;
		};
		0FAAB799197ECA2600A07A44 /* Release */ = {
			isa = XCBuildConfiguration;
			baseConfigurationReference = 2A596291036BF0956ADBDFBC /* Pods-NC DNS Updater.release.xcconfig */;
			buildSettings = {
				ASSETCATALOG_COMPILER_APPICON_NAME = AppIcon;
				COMBINE_HIDPI_IMAGES = YES;
				GCC_PRECOMPILE_PREFIX_HEADER = YES;
				GCC_PREFIX_HEADER = "NC DNS Updater/NC DNS Updater-Prefix.pch";
				GCC_PREPROCESSOR_DEFINITIONS = (
					"$(inherited)",
					"COCOAPODS=1",
					"NWL_LIB=$(TARGET_NAME)",
				);
				INFOPLIST_FILE = "NC DNS Updater/NC DNS Updater-Info.plist";
				PRODUCT_NAME = "$(TARGET_NAME)";
				WRAPPER_EXTENSION = app;
			};
			name = Release;
		};
		0FAAB79B197ECA2600A07A44 /* Debug */ = {
			isa = XCBuildConfiguration;
			buildSettings = {
				BUNDLE_LOADER = "$(BUILT_PRODUCTS_DIR)/NC DNS Updater.app/Contents/MacOS/NC DNS Updater";
				COMBINE_HIDPI_IMAGES = YES;
				FRAMEWORK_SEARCH_PATHS = (
					"$(DEVELOPER_FRAMEWORKS_DIR)",
					"$(inherited)",
				);
				GCC_PRECOMPILE_PREFIX_HEADER = YES;
				GCC_PREFIX_HEADER = "NC DNS Updater/NC DNS Updater-Prefix.pch";
				GCC_PREPROCESSOR_DEFINITIONS = (
					"DEBUG=1",
					"$(inherited)",
				);
				INFOPLIST_FILE = "NC DNS UpdaterTests/NC DNS UpdaterTests-Info.plist";
				PRODUCT_NAME = "$(TARGET_NAME)";
				TEST_HOST = "$(BUNDLE_LOADER)";
				WRAPPER_EXTENSION = xctest;
			};
			name = Debug;
		};
		0FAAB79C197ECA2600A07A44 /* Release */ = {
			isa = XCBuildConfiguration;
			buildSettings = {
				BUNDLE_LOADER = "$(BUILT_PRODUCTS_DIR)/NC DNS Updater.app/Contents/MacOS/NC DNS Updater";
				COMBINE_HIDPI_IMAGES = YES;
				FRAMEWORK_SEARCH_PATHS = (
					"$(DEVELOPER_FRAMEWORKS_DIR)",
					"$(inherited)",
				);
				GCC_PRECOMPILE_PREFIX_HEADER = YES;
				GCC_PREFIX_HEADER = "NC DNS Updater/NC DNS Updater-Prefix.pch";
				INFOPLIST_FILE = "NC DNS UpdaterTests/NC DNS UpdaterTests-Info.plist";
				PRODUCT_NAME = "$(TARGET_NAME)";
				TEST_HOST = "$(BUNDLE_LOADER)";
				WRAPPER_EXTENSION = xctest;
			};
			name = Release;
		};
/* End XCBuildConfiguration section */

/* Begin XCConfigurationList section */
		0FAAB75E197ECA2600A07A44 /* Build configuration list for PBXProject "NC DNS Updater" */ = {
			isa = XCConfigurationList;
			buildConfigurations = (
				0FAAB795197ECA2600A07A44 /* Debug */,
				0FAAB796197ECA2600A07A44 /* Release */,
			);
			defaultConfigurationIsVisible = 0;
			defaultConfigurationName = Release;
		};
		0FAAB797197ECA2600A07A44 /* Build configuration list for PBXNativeTarget "NC DNS Updater" */ = {
			isa = XCConfigurationList;
			buildConfigurations = (
				0FAAB798197ECA2600A07A44 /* Debug */,
				0FAAB799197ECA2600A07A44 /* Release */,
			);
			defaultConfigurationIsVisible = 0;
			defaultConfigurationName = Release;
		};
		0FAAB79A197ECA2600A07A44 /* Build configuration list for PBXNativeTarget "NC DNS UpdaterTests" */ = {
			isa = XCConfigurationList;
			buildConfigurations = (
				0FAAB79B197ECA2600A07A44 /* Debug */,
				0FAAB79C197ECA2600A07A44 /* Release */,
			);
			defaultConfigurationIsVisible = 0;
			defaultConfigurationName = Release;
		};
/* End XCConfigurationList section */

/* Begin XCVersionGroup section */
		0FAAB77E197ECA2600A07A44 /* NC_DNS_Updater.xcdatamodeld */ = {
			isa = XCVersionGroup;
			children = (
				0FBB4A1F1A3B519800F09DFE /* NC_DNS_Updater_1.5.xcdatamodel */,
				0FAAB77F197ECA2600A07A44 /* NC_DNS_Updater.xcdatamodel */,
			);
			currentVersion = 0FBB4A1F1A3B519800F09DFE /* NC_DNS_Updater_1.5.xcdatamodel */;
			path = NC_DNS_Updater.xcdatamodeld;
			sourceTree = "<group>";
			versionGroupType = wrapper.xcdatamodel;
		};
/* End XCVersionGroup section */
	};
	rootObject = 0FAAB75B197ECA2600A07A44 /* Project object */;
}
